// !$*UTF8*$!
{
	archiveVersion = 1;
	classes = {
	};
	objectVersion = 50;
	objects = {

/* Begin PBXBuildFile section */
		D22C14BF23C254B70042F1BD /* SettingsLauncher.swift in Sources */ = {isa = PBXBuildFile; fileRef = D22C14BE23C254B70042F1BD /* SettingsLauncher.swift */; };
		D22C14C123C9448C0042F1BD /* SettingsCell.swift in Sources */ = {isa = PBXBuildFile; fileRef = D22C14C023C9448C0042F1BD /* SettingsCell.swift */; };
		D22C14C423CA54070042F1BD /* ApiService.swift in Sources */ = {isa = PBXBuildFile; fileRef = D22C14C323CA54070042F1BD /* ApiService.swift */; };
		D22C14C623CADBA60042F1BD /* FeedCell.swift in Sources */ = {isa = PBXBuildFile; fileRef = D22C14C523CADBA60042F1BD /* FeedCell.swift */; };
		D2A9D73423DCD38500B873DD /* TrendingCell.swift in Sources */ = {isa = PBXBuildFile; fileRef = D2A9D73323DCD38500B873DD /* TrendingCell.swift */; };
		D2A9D73623DCD61900B873DD /* SubscriptionCell.swift in Sources */ = {isa = PBXBuildFile; fileRef = D2A9D73523DCD61900B873DD /* SubscriptionCell.swift */; };
		D2A9D73823DE1EA600B873DD /* VideoLauncher.swift in Sources */ = {isa = PBXBuildFile; fileRef = D2A9D73723DE1EA600B873DD /* VideoLauncher.swift */; };
		D2C2052723BB9B1100A72874 /* AppDelegate.swift in Sources */ = {isa = PBXBuildFile; fileRef = D2C2052623BB9B1100A72874 /* AppDelegate.swift */; };
		D2C2052923BB9B1100A72874 /* SceneDelegate.swift in Sources */ = {isa = PBXBuildFile; fileRef = D2C2052823BB9B1100A72874 /* SceneDelegate.swift */; };
		D2C2052B23BB9B1100A72874 /* HomeController.swift in Sources */ = {isa = PBXBuildFile; fileRef = D2C2052A23BB9B1100A72874 /* HomeController.swift */; };
		D2C2053023BB9B1500A72874 /* Assets.xcassets in Resources */ = {isa = PBXBuildFile; fileRef = D2C2052F23BB9B1500A72874 /* Assets.xcassets */; };
		D2C2053323BB9B1500A72874 /* LaunchScreen.storyboard in Resources */ = {isa = PBXBuildFile; fileRef = D2C2053123BB9B1500A72874 /* LaunchScreen.storyboard */; };
		D2C2053F23BC28A600A72874 /* Extenstions.swift in Sources */ = {isa = PBXBuildFile; fileRef = D2C2053E23BC28A600A72874 /* Extenstions.swift */; };
		D2C2054223BC292E00A72874 /* VideoCell.swift in Sources */ = {isa = PBXBuildFile; fileRef = D2C2054123BC292E00A72874 /* VideoCell.swift */; };
		D2C2054523BC2C0700A72874 /* MenuBar.swift in Sources */ = {isa = PBXBuildFile; fileRef = D2C2054423BC2C0700A72874 /* MenuBar.swift */; };
		D2DDD09923BE6E8A00E0F602 /* BaseCell.swift in Sources */ = {isa = PBXBuildFile; fileRef = D2DDD09823BE6E8A00E0F602 /* BaseCell.swift */; };
		D2DDD09C23BEBD2600E0F602 /* Video.swift in Sources */ = {isa = PBXBuildFile; fileRef = D2DDD09B23BEBD2600E0F602 /* Video.swift */; };
/* End PBXBuildFile section */

/* Begin PBXFileReference section */
		D22C14BE23C254B70042F1BD /* SettingsLauncher.swift */ = {isa = PBXFileReference; lastKnownFileType = sourcecode.swift; path = SettingsLauncher.swift; sourceTree = "<group>"; };
		D22C14C023C9448C0042F1BD /* SettingsCell.swift */ = {isa = PBXFileReference; lastKnownFileType = sourcecode.swift; path = SettingsCell.swift; sourceTree = "<group>"; };
		D22C14C323CA54070042F1BD /* ApiService.swift */ = {isa = PBXFileReference; lastKnownFileType = sourcecode.swift; path = ApiService.swift; sourceTree = "<group>"; };
		D22C14C523CADBA60042F1BD /* FeedCell.swift */ = {isa = PBXFileReference; lastKnownFileType = sourcecode.swift; path = FeedCell.swift; sourceTree = "<group>"; };
		D2A9D73323DCD38500B873DD /* TrendingCell.swift */ = {isa = PBXFileReference; lastKnownFileType = sourcecode.swift; path = TrendingCell.swift; sourceTree = "<group>"; };
		D2A9D73523DCD61900B873DD /* SubscriptionCell.swift */ = {isa = PBXFileReference; lastKnownFileType = sourcecode.swift; path = SubscriptionCell.swift; sourceTree = "<group>"; };
		D2A9D73723DE1EA600B873DD /* VideoLauncher.swift */ = {isa = PBXFileReference; lastKnownFileType = sourcecode.swift; path = VideoLauncher.swift; sourceTree = "<group>"; };
		D2A9D73923DE61A200B873DD /* Youtube.entitlements */ = {isa = PBXFileReference; lastKnownFileType = text.plist.entitlements; path = Youtube.entitlements; sourceTree = "<group>"; };
		D2C2052323BB9B1100A72874 /* Youtube.app */ = {isa = PBXFileReference; explicitFileType = wrapper.application; includeInIndex = 0; path = Youtube.app; sourceTree = BUILT_PRODUCTS_DIR; };
		D2C2052623BB9B1100A72874 /* AppDelegate.swift */ = {isa = PBXFileReference; lastKnownFileType = sourcecode.swift; path = AppDelegate.swift; sourceTree = "<group>"; };
		D2C2052823BB9B1100A72874 /* SceneDelegate.swift */ = {isa = PBXFileReference; lastKnownFileType = sourcecode.swift; path = SceneDelegate.swift; sourceTree = "<group>"; };
		D2C2052A23BB9B1100A72874 /* HomeController.swift */ = {isa = PBXFileReference; lastKnownFileType = sourcecode.swift; path = HomeController.swift; sourceTree = "<group>"; };
		D2C2052F23BB9B1500A72874 /* Assets.xcassets */ = {isa = PBXFileReference; lastKnownFileType = folder.assetcatalog; path = Assets.xcassets; sourceTree = "<group>"; };
		D2C2053223BB9B1500A72874 /* Base */ = {isa = PBXFileReference; lastKnownFileType = file.storyboard; name = Base; path = Base.lproj/LaunchScreen.storyboard; sourceTree = "<group>"; };
		D2C2053423BB9B1500A72874 /* Info.plist */ = {isa = PBXFileReference; lastKnownFileType = text.plist.xml; path = Info.plist; sourceTree = "<group>"; };
		D2C2053E23BC28A600A72874 /* Extenstions.swift */ = {isa = PBXFileReference; lastKnownFileType = sourcecode.swift; path = Extenstions.swift; sourceTree = "<group>"; };
		D2C2054123BC292E00A72874 /* VideoCell.swift */ = {isa = PBXFileReference; lastKnownFileType = sourcecode.swift; path = VideoCell.swift; sourceTree = "<group>"; };
		D2C2054423BC2C0700A72874 /* MenuBar.swift */ = {isa = PBXFileReference; lastKnownFileType = sourcecode.swift; path = MenuBar.swift; sourceTree = "<group>"; };
		D2DDD09823BE6E8A00E0F602 /* BaseCell.swift */ = {isa = PBXFileReference; lastKnownFileType = sourcecode.swift; path = BaseCell.swift; sourceTree = "<group>"; };
		D2DDD09B23BEBD2600E0F602 /* Video.swift */ = {isa = PBXFileReference; lastKnownFileType = sourcecode.swift; path = Video.swift; sourceTree = "<group>"; };
/* End PBXFileReference section */

/* Begin PBXFrameworksBuildPhase section */
		D2C2052023BB9B1100A72874 /* Frameworks */ = {
			isa = PBXFrameworksBuildPhase;
			buildActionMask = 2147483647;
			files = (
			);
			runOnlyForDeploymentPostprocessing = 0;
		};
/* End PBXFrameworksBuildPhase section */

/* Begin PBXGroup section */
		D22C14C223CA53E70042F1BD /* ApiService */ = {
			isa = PBXGroup;
			children = (
				D22C14C323CA54070042F1BD /* ApiService.swift */,
			);
			path = ApiService;
			sourceTree = "<group>";
		};
		D2C2051A23BB9B1100A72874 = {
			isa = PBXGroup;
			children = (
				D2C2052523BB9B1100A72874 /* Youtube */,
				D2C2052423BB9B1100A72874 /* Products */,
			);
			sourceTree = "<group>";
		};
		D2C2052423BB9B1100A72874 /* Products */ = {
			isa = PBXGroup;
			children = (
				D2C2052323BB9B1100A72874 /* Youtube.app */,
			);
			name = Products;
			sourceTree = "<group>";
		};
		D2C2052523BB9B1100A72874 /* Youtube */ = {
			isa = PBXGroup;
			children = (
				D2A9D73923DE61A200B873DD /* Youtube.entitlements */,
				D22C14C223CA53E70042F1BD /* ApiService */,
				D2DDD09A23BEBD0F00E0F602 /* Models */,
				D2C2054323BC296600A72874 /* Controllers */,
				D2C2053D23BC288400A72874 /* Helpers */,
				D2C2053C23BC287800A72874 /* Views */,
				D2C2052623BB9B1100A72874 /* AppDelegate.swift */,
				D2C2052823BB9B1100A72874 /* SceneDelegate.swift */,
				D2C2052F23BB9B1500A72874 /* Assets.xcassets */,
				D2C2053123BB9B1500A72874 /* LaunchScreen.storyboard */,
				D2C2053423BB9B1500A72874 /* Info.plist */,
			);
			path = Youtube;
			sourceTree = "<group>";
		};
		D2C2053C23BC287800A72874 /* Views */ = {
			isa = PBXGroup;
			children = (
				D2C2054023BC291A00A72874 /* Cells */,
				D2C2054423BC2C0700A72874 /* MenuBar.swift */,
			);
			path = Views;
			sourceTree = "<group>";
		};
		D2C2053D23BC288400A72874 /* Helpers */ = {
			isa = PBXGroup;
			children = (
				D2C2053E23BC28A600A72874 /* Extenstions.swift */,
				D2A9D73723DE1EA600B873DD /* VideoLauncher.swift */,
			);
			path = Helpers;
			sourceTree = "<group>";
		};
		D2C2054023BC291A00A72874 /* Cells */ = {
			isa = PBXGroup;
			children = (
				D22C14C523CADBA60042F1BD /* FeedCell.swift */,
				D2C2054123BC292E00A72874 /* VideoCell.swift */,
				D2DDD09823BE6E8A00E0F602 /* BaseCell.swift */,
				D22C14C023C9448C0042F1BD /* SettingsCell.swift */,
				D2A9D73323DCD38500B873DD /* TrendingCell.swift */,
				D2A9D73523DCD61900B873DD /* SubscriptionCell.swift */,
			);
			path = Cells;
			sourceTree = "<group>";
		};
		D2C2054323BC296600A72874 /* Controllers */ = {
			isa = PBXGroup;
			children = (
				D2C2052A23BB9B1100A72874 /* HomeController.swift */,
				D22C14BE23C254B70042F1BD /* SettingsLauncher.swift */,
			);
			path = Controllers;
			sourceTree = "<group>";
		};
		D2DDD09A23BEBD0F00E0F602 /* Models */ = {
			isa = PBXGroup;
			children = (
				D2DDD09B23BEBD2600E0F602 /* Video.swift */,
			);
			path = Models;
			sourceTree = "<group>";
		};
/* End PBXGroup section */

/* Begin PBXNativeTarget section */
		D2C2052223BB9B1100A72874 /* Youtube */ = {
			isa = PBXNativeTarget;
			buildConfigurationList = D2C2053723BB9B1500A72874 /* Build configuration list for PBXNativeTarget "Youtube" */;
			buildPhases = (
				D2C2051F23BB9B1100A72874 /* Sources */,
				D2C2052023BB9B1100A72874 /* Frameworks */,
				D2C2052123BB9B1100A72874 /* Resources */,
			);
			buildRules = (
			);
			dependencies = (
			);
			name = Youtube;
			productName = Youtube;
			productReference = D2C2052323BB9B1100A72874 /* Youtube.app */;
			productType = "com.apple.product-type.application";
		};
/* End PBXNativeTarget section */

/* Begin PBXProject section */
		D2C2051B23BB9B1100A72874 /* Project object */ = {
			isa = PBXProject;
			attributes = {
				LastSwiftUpdateCheck = 1130;
				LastUpgradeCheck = 1130;
				ORGANIZATIONNAME = "scott harris";
				TargetAttributes = {
					D2C2052223BB9B1100A72874 = {
						CreatedOnToolsVersion = 11.3;
					};
				};
			};
			buildConfigurationList = D2C2051E23BB9B1100A72874 /* Build configuration list for PBXProject "Youtube" */;
			compatibilityVersion = "Xcode 9.3";
			developmentRegion = en;
			hasScannedForEncodings = 0;
			knownRegions = (
				en,
				Base,
			);
			mainGroup = D2C2051A23BB9B1100A72874;
			productRefGroup = D2C2052423BB9B1100A72874 /* Products */;
			projectDirPath = "";
			projectRoot = "";
			targets = (
				D2C2052223BB9B1100A72874 /* Youtube */,
			);
		};
/* End PBXProject section */

/* Begin PBXResourcesBuildPhase section */
		D2C2052123BB9B1100A72874 /* Resources */ = {
			isa = PBXResourcesBuildPhase;
			buildActionMask = 2147483647;
			files = (
				D2C2053323BB9B1500A72874 /* LaunchScreen.storyboard in Resources */,
				D2C2053023BB9B1500A72874 /* Assets.xcassets in Resources */,
			);
			runOnlyForDeploymentPostprocessing = 0;
		};
/* End PBXResourcesBuildPhase section */

/* Begin PBXSourcesBuildPhase section */
		D2C2051F23BB9B1100A72874 /* Sources */ = {
			isa = PBXSourcesBuildPhase;
			buildActionMask = 2147483647;
			files = (
				D2C2054223BC292E00A72874 /* VideoCell.swift in Sources */,
				D2C2053F23BC28A600A72874 /* Extenstions.swift in Sources */,
				D2A9D73623DCD61900B873DD /* SubscriptionCell.swift in Sources */,
				D22C14BF23C254B70042F1BD /* SettingsLauncher.swift in Sources */,
				D2C2054523BC2C0700A72874 /* MenuBar.swift in Sources */,
				D22C14C123C9448C0042F1BD /* SettingsCell.swift in Sources */,
				D22C14C623CADBA60042F1BD /* FeedCell.swift in Sources */,
				D2A9D73823DE1EA600B873DD /* VideoLauncher.swift in Sources */,
				D2C2052B23BB9B1100A72874 /* HomeController.swift in Sources */,
				D22C14C423CA54070042F1BD /* ApiService.swift in Sources */,
				D2DDD09923BE6E8A00E0F602 /* BaseCell.swift in Sources */,
				D2DDD09C23BEBD2600E0F602 /* Video.swift in Sources */,
				D2C2052723BB9B1100A72874 /* AppDelegate.swift in Sources */,
				D2A9D73423DCD38500B873DD /* TrendingCell.swift in Sources */,
				D2C2052923BB9B1100A72874 /* SceneDelegate.swift in Sources */,
			);
			runOnlyForDeploymentPostprocessing = 0;
		};
/* End PBXSourcesBuildPhase section */

/* Begin PBXVariantGroup section */
		D2C2053123BB9B1500A72874 /* LaunchScreen.storyboard */ = {
			isa = PBXVariantGroup;
			children = (
				D2C2053223BB9B1500A72874 /* Base */,
			);
			name = LaunchScreen.storyboard;
			sourceTree = "<group>";
		};
/* End PBXVariantGroup section */

/* Begin XCBuildConfiguration section */
		D2C2053523BB9B1500A72874 /* Debug */ = {
			isa = XCBuildConfiguration;
			buildSettings = {
				ALWAYS_SEARCH_USER_PATHS = NO;
				CLANG_ANALYZER_NONNULL = YES;
				CLANG_ANALYZER_NUMBER_OBJECT_CONVERSION = YES_AGGRESSIVE;
				CLANG_CXX_LANGUAGE_STANDARD = "gnu++14";
				CLANG_CXX_LIBRARY = "libc++";
				CLANG_ENABLE_MODULES = YES;
				CLANG_ENABLE_OBJC_ARC = YES;
				CLANG_ENABLE_OBJC_WEAK = YES;
				CLANG_WARN_BLOCK_CAPTURE_AUTORELEASING = YES;
				CLANG_WARN_BOOL_CONVERSION = YES;
				CLANG_WARN_COMMA = YES;
				CLANG_WARN_CONSTANT_CONVERSION = YES;
				CLANG_WARN_DEPRECATED_OBJC_IMPLEMENTATIONS = YES;
				CLANG_WARN_DIRECT_OBJC_ISA_USAGE = YES_ERROR;
				CLANG_WARN_DOCUMENTATION_COMMENTS = YES;
				CLANG_WARN_EMPTY_BODY = YES;
				CLANG_WARN_ENUM_CONVERSION = YES;
				CLANG_WARN_INFINITE_RECURSION = YES;
				CLANG_WARN_INT_CONVERSION = YES;
				CLANG_WARN_NON_LITERAL_NULL_CONVERSION = YES;
				CLANG_WARN_OBJC_IMPLICIT_RETAIN_SELF = YES;
				CLANG_WARN_OBJC_LITERAL_CONVERSION = YES;
				CLANG_WARN_OBJC_ROOT_CLASS = YES_ERROR;
				CLANG_WARN_RANGE_LOOP_ANALYSIS = YES;
				CLANG_WARN_STRICT_PROTOTYPES = YES;
				CLANG_WARN_SUSPICIOUS_MOVE = YES;
				CLANG_WARN_UNGUARDED_AVAILABILITY = YES_AGGRESSIVE;
				CLANG_WARN_UNREACHABLE_CODE = YES;
				CLANG_WARN__DUPLICATE_METHOD_MATCH = YES;
				COPY_PHASE_STRIP = NO;
				DEBUG_INFORMATION_FORMAT = dwarf;
				ENABLE_STRICT_OBJC_MSGSEND = YES;
				ENABLE_TESTABILITY = YES;
				GCC_C_LANGUAGE_STANDARD = gnu11;
				GCC_DYNAMIC_NO_PIC = NO;
				GCC_NO_COMMON_BLOCKS = YES;
				GCC_OPTIMIZATION_LEVEL = 0;
				GCC_PREPROCESSOR_DEFINITIONS = (
					"DEBUG=1",
					"$(inherited)",
				);
				GCC_WARN_64_TO_32_BIT_CONVERSION = YES;
				GCC_WARN_ABOUT_RETURN_TYPE = YES_ERROR;
				GCC_WARN_UNDECLARED_SELECTOR = YES;
				GCC_WARN_UNINITIALIZED_AUTOS = YES_AGGRESSIVE;
				GCC_WARN_UNUSED_FUNCTION = YES;
				GCC_WARN_UNUSED_VARIABLE = YES;
				IPHONEOS_DEPLOYMENT_TARGET = 13.2;
				MTL_ENABLE_DEBUG_INFO = INCLUDE_SOURCE;
				MTL_FAST_MATH = YES;
				ONLY_ACTIVE_ARCH = YES;
				SDKROOT = iphoneos;
				SWIFT_ACTIVE_COMPILATION_CONDITIONS = DEBUG;
				SWIFT_OPTIMIZATION_LEVEL = "-Onone";
			};
			name = Debug;
		};
		D2C2053623BB9B1500A72874 /* Release */ = {
			isa = XCBuildConfiguration;
			buildSettings = {
				ALWAYS_SEARCH_USER_PATHS = NO;
				CLANG_ANALYZER_NONNULL = YES;
				CLANG_ANALYZER_NUMBER_OBJECT_CONVERSION = YES_AGGRESSIVE;
				CLANG_CXX_LANGUAGE_STANDARD = "gnu++14";
				CLANG_CXX_LIBRARY = "libc++";
				CLANG_ENABLE_MODULES = YES;
				CLANG_ENABLE_OBJC_ARC = YES;
				CLANG_ENABLE_OBJC_WEAK = YES;
				CLANG_WARN_BLOCK_CAPTURE_AUTORELEASING = YES;
				CLANG_WARN_BOOL_CONVERSION = YES;
				CLANG_WARN_COMMA = YES;
				CLANG_WARN_CONSTANT_CONVERSION = YES;
				CLANG_WARN_DEPRECATED_OBJC_IMPLEMENTATIONS = YES;
				CLANG_WARN_DIRECT_OBJC_ISA_USAGE = YES_ERROR;
				CLANG_WARN_DOCUMENTATION_COMMENTS = YES;
				CLANG_WARN_EMPTY_BODY = YES;
				CLANG_WARN_ENUM_CONVERSION = YES;
				CLANG_WARN_INFINITE_RECURSION = YES;
				CLANG_WARN_INT_CONVERSION = YES;
				CLANG_WARN_NON_LITERAL_NULL_CONVERSION = YES;
				CLANG_WARN_OBJC_IMPLICIT_RETAIN_SELF = YES;
				CLANG_WARN_OBJC_LITERAL_CONVERSION = YES;
				CLANG_WARN_OBJC_ROOT_CLASS = YES_ERROR;
				CLANG_WARN_RANGE_LOOP_ANALYSIS = YES;
				CLANG_WARN_STRICT_PROTOTYPES = YES;
				CLANG_WARN_SUSPICIOUS_MOVE = YES;
				CLANG_WARN_UNGUARDED_AVAILABILITY = YES_AGGRESSIVE;
				CLANG_WARN_UNREACHABLE_CODE = YES;
				CLANG_WARN__DUPLICATE_METHOD_MATCH = YES;
				COPY_PHASE_STRIP = NO;
				DEBUG_INFORMATION_FORMAT = "dwarf-with-dsym";
				ENABLE_NS_ASSERTIONS = NO;
				ENABLE_STRICT_OBJC_MSGSEND = YES;
				GCC_C_LANGUAGE_STANDARD = gnu11;
				GCC_NO_COMMON_BLOCKS = YES;
				GCC_WARN_64_TO_32_BIT_CONVERSION = YES;
				GCC_WARN_ABOUT_RETURN_TYPE = YES_ERROR;
				GCC_WARN_UNDECLARED_SELECTOR = YES;
				GCC_WARN_UNINITIALIZED_AUTOS = YES_AGGRESSIVE;
				GCC_WARN_UNUSED_FUNCTION = YES;
				GCC_WARN_UNUSED_VARIABLE = YES;
				IPHONEOS_DEPLOYMENT_TARGET = 13.2;
				MTL_ENABLE_DEBUG_INFO = NO;
				MTL_FAST_MATH = YES;
				SDKROOT = iphoneos;
				SWIFT_COMPILATION_MODE = wholemodule;
				SWIFT_OPTIMIZATION_LEVEL = "-O";
				VALIDATE_PRODUCT = YES;
			};
			name = Release;
		};
		D2C2053823BB9B1500A72874 /* Debug */ = {
			isa = XCBuildConfiguration;
			buildSettings = {
				ASSETCATALOG_COMPILER_APPICON_NAME = AppIcon;
				CODE_SIGN_ENTITLEMENTS = Youtube/Youtube.entitlements;
				CODE_SIGN_STYLE = Automatic;
				DEVELOPMENT_TEAM = 7SF2KFH336;
				INFOPLIST_FILE = Youtube/Info.plist;
				LD_RUNPATH_SEARCH_PATHS = (
					"$(inherited)",
					"@executable_path/Frameworks",
				);
				PRODUCT_BUNDLE_IDENTIFIER = com.scotharris.Youtube;
				PRODUCT_NAME = "$(TARGET_NAME)";
				SWIFT_VERSION = 5.0;
				TARGETED_DEVICE_FAMILY = "1,2";
			};
			name = Debug;
		};
		D2C2053923BB9B1500A72874 /* Release */ = {
			isa = XCBuildConfiguration;
			buildSettings = {
				ASSETCATALOG_COMPILER_APPICON_NAME = AppIcon;
				CODE_SIGN_ENTITLEMENTS = Youtube/Youtube.entitlements;
				CODE_SIGN_STYLE = Automatic;
				DEVELOPMENT_TEAM = 7SF2KFH336;
				INFOPLIST_FILE = Youtube/Info.plist;
				LD_RUNPATH_SEARCH_PATHS = (
					"$(inherited)",
					"@executable_path/Frameworks",
				);
				PRODUCT_BUNDLE_IDENTIFIER = com.scotharris.Youtube;
				PRODUCT_NAME = "$(TARGET_NAME)";
				SWIFT_VERSION = 5.0;
				TARGETED_DEVICE_FAMILY = "1,2";
			};
			name = Release;
		};
/* End XCBuildConfiguration section */

/* Begin XCConfigurationList section */
		D2C2051E23BB9B1100A72874 /* Build configuration list for PBXProject "Youtube" */ = {
			isa = XCConfigurationList;
			buildConfigurations = (
				D2C2053523BB9B1500A72874 /* Debug */,
				D2C2053623BB9B1500A72874 /* Release */,
			);
			defaultConfigurationIsVisible = 0;
			defaultConfigurationName = Release;
		};
		D2C2053723BB9B1500A72874 /* Build configuration list for PBXNativeTarget "Youtube" */ = {
			isa = XCConfigurationList;
			buildConfigurations = (
				D2C2053823BB9B1500A72874 /* Debug */,
				D2C2053923BB9B1500A72874 /* Release */,
			);
			defaultConfigurationIsVisible = 0;
			defaultConfigurationName = Release;
		};
/* End XCConfigurationList section */
	};
	rootObject = D2C2051B23BB9B1100A72874 /* Project object */;
}
